
Microsoft Visual Studio Solution File, Format Version 12.00
# Visual Studio Version 17
VisualStudioVersion = 17.4.33403.182
MinimumVisualStudioVersion = 10.0.40219.1
Project("{FAE04EC0-301F-11D3-BF4B-00C04F79EFBC}") = "TestProject1", "TestProject1.csproj", "{0BDCE002-EDFF-4C8B-A81D-47976E228EE5}"
EndProject
Global
	GlobalSection(SolutionConfigurationPlatforms) = preSolution
		Debug|Any CPU = Debug|Any CPU
		Release|Any CPU = Release|Any CPU
	EndGlobalSection
	GlobalSection(ProjectConfigurationPlatforms) = postSolution
		{0BDCE002-EDFF-4C8B-A81D-47976E228EE5}.Debug|Any CPU.ActiveCfg = Debug|Any CPU
		{0BDCE002-EDFF-4C8B-A81D-47976E228EE5}.Debug|Any CPU.Build.0 = Debug|Any CPU
		{0BDCE002-EDFF-4C8B-A81D-47976E228EE5}.Release|Any CPU.ActiveCfg = Release|Any CPU
		{0BDCE002-EDFF-4C8B-A81D-47976E228EE5}.Release|Any CPU.Build.0 = Release|Any CPU
	EndGlobalSection
	GlobalSection(SolutionProperties) = preSolution
		HideSolutionNode = FALSE
	EndGlobalSection
	GlobalSection(ExtensibilityGlobals) = postSolution
		SolutionGuid = {537184F4-0B83-4A81-A4CB-3D9CAF8DD9DF}
	EndGlobalSection
EndGlobal
